<?xml version="1.0" encoding="utf-8"?>
<Project ToolsVersion="4.0" xmlns="http://schemas.microsoft.com/developer/msbuild/2003">
  <ItemGroup>
    <Filter Include="Source Files">
      <UniqueIdentifier>{4FC737F1-C7A5-4376-A066-2A32D752A2FF}</UniqueIdentifier>
      <Extensions>cpp;c;cc;cxx;c++;def;odl;idl;hpj;bat;asm;asmx</Extensions>
    </Filter>
    <Filter Include="Header Files">
      <UniqueIdentifier>{93995380-89BD-4b04-88EB-625FBE52EBFB}</UniqueIdentifier>
      <Extensions>h;hh;hpp;hxx;h++;hm;inl;inc;ipp;xsd</Extensions>
    </Filter>
    <Filter Include="Resource Files">
      <UniqueIdentifier>{67DA6AB6-F800-4c08-8B7A-83BB121AAD01}</UniqueIdentifier>
      <Extensions>rc;ico;cur;bmp;dlg;rc2;rct;bin;rgs;gif;jpg;jpeg;jpe;resx;tiff;tif;png;wav;mfcribbon-ms</Extensions>
    </Filter>
  </ItemGroup>
  <ItemGroup>
    <ClCompile Include="main.cpp">
      <Filter>Source Files</Filter>
    </ClCompile>
    <ClCompile Include="1978.cpp">
      <Filter>Source Files</Filter>
    </ClCompile>
    <ClCompile Include="2581.cpp">
      <Filter>Source Files</Filter>
    </ClCompile>
    <ClCompile Include="1929.cpp">
      <Filter>Source Files</Filter>
    </ClCompile>
    <ClCompile Include="4948.cpp">
      <Filter>Source Files</Filter>
    </ClCompile>
    <ClCompile Include="9020.cpp">
      <Filter>Source Files</Filter>
    </ClCompile>
    <ClCompile Include="3009.cpp">
      <Filter>Source Files</Filter>
    </ClCompile>
    <ClCompile Include="4153.cpp">
      <Filter>Source Files</Filter>
    </ClCompile>
    <ClCompile Include="3053.cpp">
      <Filter>Source Files</Filter>
    </ClCompile>
    <ClCompile Include="10872.cpp">
      <Filter>Source Files</Filter>
    </ClCompile>
    <ClCompile Include="10870.cpp">
      <Filter>Source Files</Filter>
    </ClCompile>
    <ClCompile Include="2798.cpp">
      <Filter>Source Files</Filter>
    </ClCompile>
    <ClCompile Include="7568.cpp">
      <Filter>Source Files</Filter>
    </ClCompile>
    <ClCompile Include="linkedlist.cpp">
      <Filter>Source Files</Filter>
    </ClCompile>
    <ClCompile Include="2750.cpp">
      <Filter>Source Files</Filter>
    </ClCompile>
    <ClCompile Include="DeepCopy.cpp">
      <Filter>Source Files</Filter>
    </ClCompile>
    <ClCompile Include="Rasterise.cpp">
      <Filter>Source Files</Filter>
    </ClCompile>
    <ClCompile Include="kakaoCrane.cpp">
      <Filter>Source Files</Filter>
    </ClCompile>
    <ClCompile Include="기능개발.cpp">
      <Filter>Source Files</Filter>
    </ClCompile>
    <ClCompile Include="프린터.cpp">
      <Filter>Source Files</Filter>
    </ClCompile>
    <ClCompile Include="더맵게.cpp">
      <Filter>Source Files</Filter>
    </ClCompile>
    <ClCompile Include="다리를지나는트럭.cpp">
      <Filter>Source Files</Filter>
    </ClCompile>
    <ClCompile Include="소수 찾기.cpp">
      <Filter>Source Files</Filter>
    </ClCompile>
    <ClCompile Include="BFS.cpp">
      <Filter>Source Files</Filter>
    </ClCompile>
    <ClCompile Include="큰수만들기.cpp">
      <Filter>Source Files</Filter>
    </ClCompile>
    <ClCompile Include="2178.cpp">
      <Filter>Source Files</Filter>
    </ClCompile>
    <ClCompile Include="1260.cpp">
      <Filter>Source Files</Filter>
    </ClCompile>
    <ClCompile Include="2606.cpp">
      <Filter>Source Files</Filter>
    </ClCompile>
  </ItemGroup>
  <ItemGroup>
    <ClInclude Include="Header.h">
      <Filter>Source Files</Filter>
    </ClInclude>
  </ItemGroup>
</Project>